
Microsoft Visual Studio Solution File, Format Version 12.00
# Visual Studio Version 16
VisualStudioVersion = 16.0.30413.136
MinimumVisualStudioVersion = 10.0.40219.1
Project("{FAE04EC0-301F-11D3-BF4B-00C04F79EFBC}") = "EmployeeManager.Mvc", "EmployeeManager.Mvc\EmployeeManager.Mvc.csproj", "{8001C01E-F5F5-4D74-A45D-4FBB27120001}"
EndProject
Global
	GlobalSection(SolutionConfigurationPlatforms) = preSolution
		Debug|Any CPU = Debug|Any CPU
		Release|Any CPU = Release|Any CPU
	EndGlobalSection
	GlobalSection(ProjectConfigurationPlatforms) = postSolution
		{8001C01E-F5F5-4D74-A45D-4FBB27120001}.Debug|Any CPU.ActiveCfg = Debug|Any CPU
		{8001C01E-F5F5-4D74-A45D-4FBB27120001}.Debug|Any CPU.Build.0 = Debug|Any CPU
		{8001C01E-F5F5-4D74-A45D-4FBB27120001}.Release|Any CPU.ActiveCfg = Release|Any CPU
		{8001C01E-F5F5-4D74-A45D-4FBB27120001}.Release|Any CPU.Build.0 = Release|Any CPU
	EndGlobalSection
	GlobalSection(SolutionProperties) = preSolution
		HideSolutionNode = FALSE
	EndGlobalSection
	GlobalSection(ExtensibilityGlobals) = postSolution
		SolutionGuid = {38660BE0-8ACA-4B1B-97EE-2DC6452B0D21}
	EndGlobalSection
EndGlobal
